// !$*UTF8*$!
{
	archiveVersion = 1;
	classes = {
	};
	objectVersion = 50;
	objects = {

/* Begin PBXBuildFile section */
		25D1C53924004A2E0033117D /* AppDelegate.swift in Sources */ = {isa = PBXBuildFile; fileRef = 25D1C53824004A2E0033117D /* AppDelegate.swift */; };
		25D1C53B24004A2E0033117D /* SceneDelegate.swift in Sources */ = {isa = PBXBuildFile; fileRef = 25D1C53A24004A2E0033117D /* SceneDelegate.swift */; };
		25D1C53D24004A2E0033117D /* ViewController.swift in Sources */ = {isa = PBXBuildFile; fileRef = 25D1C53C24004A2E0033117D /* ViewController.swift */; };
		25D1C54024004A2E0033117D /* Main.storyboard in Resources */ = {isa = PBXBuildFile; fileRef = 25D1C53E24004A2E0033117D /* Main.storyboard */; };
		25D1C54324004A2E0033117D /* becomeHabit.xcdatamodeld in Sources */ = {isa = PBXBuildFile; fileRef = 25D1C54124004A2E0033117D /* becomeHabit.xcdatamodeld */; };
		25D1C54524004A310033117D /* Assets.xcassets in Resources */ = {isa = PBXBuildFile; fileRef = 25D1C54424004A310033117D /* Assets.xcassets */; };
		25D1C54824004A310033117D /* LaunchScreen.storyboard in Resources */ = {isa = PBXBuildFile; fileRef = 25D1C54624004A310033117D /* LaunchScreen.storyboard */; };
/* End PBXBuildFile section */

/* Begin PBXFileReference section */
		25D1C53524004A2E0033117D /* becomeHabit.app */ = {isa = PBXFileReference; explicitFileType = wrapper.application; includeInIndex = 0; path = becomeHabit.app; sourceTree = BUILT_PRODUCTS_DIR; };
		25D1C53824004A2E0033117D /* AppDelegate.swift */ = {isa = PBXFileReference; lastKnownFileType = sourcecode.swift; path = AppDelegate.swift; sourceTree = "<group>"; };
		25D1C53A24004A2E0033117D /* SceneDelegate.swift */ = {isa = PBXFileReference; lastKnownFileType = sourcecode.swift; path = SceneDelegate.swift; sourceTree = "<group>"; };
		25D1C53C24004A2E0033117D /* ViewController.swift */ = {isa = PBXFileReference; lastKnownFileType = sourcecode.swift; path = ViewController.swift; sourceTree = "<group>"; };
		25D1C53F24004A2E0033117D /* Base */ = {isa = PBXFileReference; lastKnownFileType = file.storyboard; name = Base; path = Base.lproj/Main.storyboard; sourceTree = "<group>"; };
		25D1C54224004A2E0033117D /* becomeHabit.xcdatamodel */ = {isa = PBXFileReference; lastKnownFileType = wrapper.xcdatamodel; path = becomeHabit.xcdatamodel; sourceTree = "<group>"; };
		25D1C54424004A310033117D /* Assets.xcassets */ = {isa = PBXFileReference; lastKnownFileType = folder.assetcatalog; path = Assets.xcassets; sourceTree = "<group>"; };
		25D1C54724004A310033117D /* Base */ = {isa = PBXFileReference; lastKnownFileType = file.storyboard; name = Base; path = Base.lproj/LaunchScreen.storyboard; sourceTree = "<group>"; };
		25D1C54924004A310033117D /* Info.plist */ = {isa = PBXFileReference; lastKnownFileType = text.plist.xml; path = Info.plist; sourceTree = "<group>"; };
/* End PBXFileReference section */

/* Begin PBXFrameworksBuildPhase section */
		25D1C53224004A2E0033117D /* Frameworks */ = {
			isa = PBXFrameworksBuildPhase;
			buildActionMask = 2147483647;
			files = (
			);
			runOnlyForDeploymentPostprocessing = 0;
		};
/* End PBXFrameworksBuildPhase section */

/* Begin PBXGroup section */
		25D1C52C24004A2E0033117D = {
			isa = PBXGroup;
			children = (
				25D1C53724004A2E0033117D /* becomeHabit */,
				25D1C53624004A2E0033117D /* Products */,
			);
			sourceTree = "<group>";
		};
		25D1C53624004A2E0033117D /* Products */ = {
			isa = PBXGroup;
			children = (
				25D1C53524004A2E0033117D /* becomeHabit.app */,
			);
			name = Products;
			sourceTree = "<group>";
		};
		25D1C53724004A2E0033117D /* becomeHabit */ = {
			isa = PBXGroup;
			children = (
				25D1C53824004A2E0033117D /* AppDelegate.swift */,
				25D1C53A24004A2E0033117D /* SceneDelegate.swift */,
				25D1C53C24004A2E0033117D /* ViewController.swift */,
				25D1C53E24004A2E0033117D /* Main.storyboard */,
				25D1C54424004A310033117D /* Assets.xcassets */,
				25D1C54624004A310033117D /* LaunchScreen.storyboard */,
				25D1C54924004A310033117D /* Info.plist */,
				25D1C54124004A2E0033117D /* becomeHabit.xcdatamodeld */,
			);
			path = becomeHabit;
			sourceTree = "<group>";
		};
/* End PBXGroup section */

/* Begin PBXNativeTarget section */
		25D1C53424004A2E0033117D /* becomeHabit */ = {
			isa = PBXNativeTarget;
			buildConfigurationList = 25D1C54C24004A310033117D /* Build configuration list for PBXNativeTarget "becomeHabit" */;
			buildPhases = (
				25D1C53124004A2E0033117D /* Sources */,
				25D1C53224004A2E0033117D /* Frameworks */,
				25D1C53324004A2E0033117D /* Resources */,
			);
			buildRules = (
			);
			dependencies = (
			);
			name = becomeHabit;
			productName = becomeHabit;
			productReference = 25D1C53524004A2E0033117D /* becomeHabit.app */;
			productType = "com.apple.product-type.application";
		};
/* End PBXNativeTarget section */

/* Begin PBXProject section */
		25D1C52D24004A2E0033117D /* Project object */ = {
			isa = PBXProject;
			attributes = {
				LastSwiftUpdateCheck = 1130;
				LastUpgradeCheck = 1130;
				ORGANIZATIONNAME = "Kristijan Gašljević";
				TargetAttributes = {
					25D1C53424004A2E0033117D = {
						CreatedOnToolsVersion = 11.3.1;
					};
				};
			};
			buildConfigurationList = 25D1C53024004A2E0033117D /* Build configuration list for PBXProject "becomeHabit" */;
			compatibilityVersion = "Xcode 9.3";
			developmentRegion = en;
			hasScannedForEncodings = 0;
			knownRegions = (
				en,
				Base,
			);
			mainGroup = 25D1C52C24004A2E0033117D;
			productRefGroup = 25D1C53624004A2E0033117D /* Products */;
			projectDirPath = "";
			projectRoot = "";
			targets = (
				25D1C53424004A2E0033117D /* becomeHabit */,
			);
		};
/* End PBXProject section */

/* Begin PBXResourcesBuildPhase section */
		25D1C53324004A2E0033117D /* Resources */ = {
			isa = PBXResourcesBuildPhase;
			buildActionMask = 2147483647;
			files = (
				25D1C54824004A310033117D /* LaunchScreen.storyboard in Resources */,
				25D1C54524004A310033117D /* Assets.xcassets in Resources */,
				25D1C54024004A2E0033117D /* Main.storyboard in Resources */,
			);
			runOnlyForDeploymentPostprocessing = 0;
		};
/* End PBXResourcesBuildPhase section */

/* Begin PBXSourcesBuildPhase section */
		25D1C53124004A2E0033117D /* Sources */ = {
			isa = PBXSourcesBuildPhase;
			buildActionMask = 2147483647;
			files = (
				25D1C53D24004A2E0033117D /* ViewController.swift in Sources */,
				25D1C53924004A2E0033117D /* AppDelegate.swift in Sources */,
				25D1C53B24004A2E0033117D /* SceneDelegate.swift in Sources */,
				25D1C54324004A2E0033117D /* becomeHabit.xcdatamodeld in Sources */,
			);
			runOnlyForDeploymentPostprocessing = 0;
		};
/* End PBXSourcesBuildPhase section */

/* Begin PBXVariantGroup section */
		25D1C53E24004A2E0033117D /* Main.storyboard */ = {
			isa = PBXVariantGroup;
			children = (
				25D1C53F24004A2E0033117D /* Base */,
			);
			name = Main.storyboard;
			sourceTree = "<group>";
		};
		25D1C54624004A310033117D /* LaunchScreen.storyboard */ = {
			isa = PBXVariantGroup;
			children = (
				25D1C54724004A310033117D /* Base */,
			);
			name = LaunchScreen.storyboard;
			sourceTree = "<group>";
		};
/* End PBXVariantGroup section */

/* Begin XCBuildConfiguration section */
		25D1C54A24004A310033117D /* Debug */ = {
			isa = XCBuildConfiguration;
			buildSettings = {
				ALWAYS_SEARCH_USER_PATHS = NO;
				CLANG_ANALYZER_NONNULL = YES;
				CLANG_ANALYZER_NUMBER_OBJECT_CONVERSION = YES_AGGRESSIVE;
				CLANG_CXX_LANGUAGE_STANDARD = "gnu++14";
				CLANG_CXX_LIBRARY = "libc++";
				CLANG_ENABLE_MODULES = YES;
				CLANG_ENABLE_OBJC_ARC = YES;
				CLANG_ENABLE_OBJC_WEAK = YES;
				CLANG_WARN_BLOCK_CAPTURE_AUTORELEASING = YES;
				CLANG_WARN_BOOL_CONVERSION = YES;
				CLANG_WARN_COMMA = YES;
				CLANG_WARN_CONSTANT_CONVERSION = YES;
				CLANG_WARN_DEPRECATED_OBJC_IMPLEMENTATIONS = YES;
				CLANG_WARN_DIRECT_OBJC_ISA_USAGE = YES_ERROR;
				CLANG_WARN_DOCUMENTATION_COMMENTS = YES;
				CLANG_WARN_EMPTY_BODY = YES;
				CLANG_WARN_ENUM_CONVERSION = YES;
				CLANG_WARN_INFINITE_RECURSION = YES;
				CLANG_WARN_INT_CONVERSION = YES;
				CLANG_WARN_NON_LITERAL_NULL_CONVERSION = YES;
				CLANG_WARN_OBJC_IMPLICIT_RETAIN_SELF = YES;
				CLANG_WARN_OBJC_LITERAL_CONVERSION = YES;
				CLANG_WARN_OBJC_ROOT_CLASS = YES_ERROR;
				CLANG_WARN_RANGE_LOOP_ANALYSIS = YES;
				CLANG_WARN_STRICT_PROTOTYPES = YES;
				CLANG_WARN_SUSPICIOUS_MOVE = YES;
				CLANG_WARN_UNGUARDED_AVAILABILITY = YES_AGGRESSIVE;
				CLANG_WARN_UNREACHABLE_CODE = YES;
				CLANG_WARN__DUPLICATE_METHOD_MATCH = YES;
				COPY_PHASE_STRIP = NO;
				DEBUG_INFORMATION_FORMAT = dwarf;
				ENABLE_STRICT_OBJC_MSGSEND = YES;
				ENABLE_TESTABILITY = YES;
				GCC_C_LANGUAGE_STANDARD = gnu11;
				GCC_DYNAMIC_NO_PIC = NO;
				GCC_NO_COMMON_BLOCKS = YES;
				GCC_OPTIMIZATION_LEVEL = 0;
				GCC_PREPROCESSOR_DEFINITIONS = (
					"DEBUG=1",
					"$(inherited)",
				);
				GCC_WARN_64_TO_32_BIT_CONVERSION = YES;
				GCC_WARN_ABOUT_RETURN_TYPE = YES_ERROR;
				GCC_WARN_UNDECLARED_SELECTOR = YES;
				GCC_WARN_UNINITIALIZED_AUTOS = YES_AGGRESSIVE;
				GCC_WARN_UNUSED_FUNCTION = YES;
				GCC_WARN_UNUSED_VARIABLE = YES;
				IPHONEOS_DEPLOYMENT_TARGET = 13.2;
				MTL_ENABLE_DEBUG_INFO = INCLUDE_SOURCE;
				MTL_FAST_MATH = YES;
				ONLY_ACTIVE_ARCH = YES;
				SDKROOT = iphoneos;
				SWIFT_ACTIVE_COMPILATION_CONDITIONS = DEBUG;
				SWIFT_OPTIMIZATION_LEVEL = "-Onone";
			};
			name = Debug;
		};
		25D1C54B24004A310033117D /* Release */ = {
			isa = XCBuildConfiguration;
			buildSettings = {
				ALWAYS_SEARCH_USER_PATHS = NO;
				CLANG_ANALYZER_NONNULL = YES;
				CLANG_ANALYZER_NUMBER_OBJECT_CONVERSION = YES_AGGRESSIVE;
				CLANG_CXX_LANGUAGE_STANDARD = "gnu++14";
				CLANG_CXX_LIBRARY = "libc++";
				CLANG_ENABLE_MODULES = YES;
				CLANG_ENABLE_OBJC_ARC = YES;
				CLANG_ENABLE_OBJC_WEAK = YES;
				CLANG_WARN_BLOCK_CAPTURE_AUTORELEASING = YES;
				CLANG_WARN_BOOL_CONVERSION = YES;
				CLANG_WARN_COMMA = YES;
				CLANG_WARN_CONSTANT_CONVERSION = YES;
				CLANG_WARN_DEPRECATED_OBJC_IMPLEMENTATIONS = YES;
				CLANG_WARN_DIRECT_OBJC_ISA_USAGE = YES_ERROR;
				CLANG_WARN_DOCUMENTATION_COMMENTS = YES;
				CLANG_WARN_EMPTY_BODY = YES;
				CLANG_WARN_ENUM_CONVERSION = YES;
				CLANG_WARN_INFINITE_RECURSION = YES;
				CLANG_WARN_INT_CONVERSION = YES;
				CLANG_WARN_NON_LITERAL_NULL_CONVERSION = YES;
				CLANG_WARN_OBJC_IMPLICIT_RETAIN_SELF = YES;
				CLANG_WARN_OBJC_LITERAL_CONVERSION = YES;
				CLANG_WARN_OBJC_ROOT_CLASS = YES_ERROR;
				CLANG_WARN_RANGE_LOOP_ANALYSIS = YES;
				CLANG_WARN_STRICT_PROTOTYPES = YES;
				CLANG_WARN_SUSPICIOUS_MOVE = YES;
				CLANG_WARN_UNGUARDED_AVAILABILITY = YES_AGGRESSIVE;
				CLANG_WARN_UNREACHABLE_CODE = YES;
				CLANG_WARN__DUPLICATE_METHOD_MATCH = YES;
				COPY_PHASE_STRIP = NO;
				DEBUG_INFORMATION_FORMAT = "dwarf-with-dsym";
				ENABLE_NS_ASSERTIONS = NO;
				ENABLE_STRICT_OBJC_MSGSEND = YES;
				GCC_C_LANGUAGE_STANDARD = gnu11;
				GCC_NO_COMMON_BLOCKS = YES;
				GCC_WARN_64_TO_32_BIT_CONVERSION = YES;
				GCC_WARN_ABOUT_RETURN_TYPE = YES_ERROR;
				GCC_WARN_UNDECLARED_SELECTOR = YES;
				GCC_WARN_UNINITIALIZED_AUTOS = YES_AGGRESSIVE;
				GCC_WARN_UNUSED_FUNCTION = YES;
				GCC_WARN_UNUSED_VARIABLE = YES;
				IPHONEOS_DEPLOYMENT_TARGET = 13.2;
				MTL_ENABLE_DEBUG_INFO = NO;
				MTL_FAST_MATH = YES;
				SDKROOT = iphoneos;
				SWIFT_COMPILATION_MODE = wholemodule;
				SWIFT_OPTIMIZATION_LEVEL = "-O";
				VALIDATE_PRODUCT = YES;
			};
			name = Release;
		};
		25D1C54D24004A310033117D /* Debug */ = {
			isa = XCBuildConfiguration;
			buildSettings = {
				ASSETCATALOG_COMPILER_APPICON_NAME = AppIcon;
				CODE_SIGN_STYLE = Automatic;
				INFOPLIST_FILE = becomeHabit/Info.plist;
				LD_RUNPATH_SEARCH_PATHS = (
					"$(inherited)",
					"@executable_path/Frameworks",
				);
				PRODUCT_BUNDLE_IDENTIFIER = Kile.becomeHabit;
				PRODUCT_NAME = "$(TARGET_NAME)";
				SWIFT_VERSION = 5.0;
				TARGETED_DEVICE_FAMILY = 1;
			};
			name = Debug;
		};
		25D1C54E24004A310033117D /* Release */ = {
			isa = XCBuildConfiguration;
			buildSettings = {
				ASSETCATALOG_COMPILER_APPICON_NAME = AppIcon;
				CODE_SIGN_STYLE = Automatic;
				INFOPLIST_FILE = becomeHabit/Info.plist;
				LD_RUNPATH_SEARCH_PATHS = (
					"$(inherited)",
					"@executable_path/Frameworks",
				);
				PRODUCT_BUNDLE_IDENTIFIER = Kile.becomeHabit;
				PRODUCT_NAME = "$(TARGET_NAME)";
				SWIFT_VERSION = 5.0;
				TARGETED_DEVICE_FAMILY = 1;
			};
			name = Release;
		};
/* End XCBuildConfiguration section */

/* Begin XCConfigurationList section */
		25D1C53024004A2E0033117D /* Build configuration list for PBXProject "becomeHabit" */ = {
			isa = XCConfigurationList;
			buildConfigurations = (
				25D1C54A24004A310033117D /* Debug */,
				25D1C54B24004A310033117D /* Release */,
			);
			defaultConfigurationIsVisible = 0;
			defaultConfigurationName = Release;
		};
		25D1C54C24004A310033117D /* Build configuration list for PBXNativeTarget "becomeHabit" */ = {
			isa = XCConfigurationList;
			buildConfigurations = (
				25D1C54D24004A310033117D /* Debug */,
				25D1C54E24004A310033117D /* Release */,
			);
			defaultConfigurationIsVisible = 0;
			defaultConfigurationName = Release;
		};
/* End XCConfigurationList section */

/* Begin XCVersionGroup section */
		25D1C54124004A2E0033117D /* becomeHabit.xcdatamodeld */ = {
			isa = XCVersionGroup;
			children = (
				25D1C54224004A2E0033117D /* becomeHabit.xcdatamodel */,
			);
			currentVersion = 25D1C54224004A2E0033117D /* becomeHabit.xcdatamodel */;
			path = becomeHabit.xcdatamodeld;
			sourceTree = "<group>";
			versionGroupType = wrapper.xcdatamodel;
		};
/* End XCVersionGroup section */
	};
	rootObject = 25D1C52D24004A2E0033117D /* Project object */;
}
