// !$*UTF8*$!
{
	archiveVersion = 1;
	classes = {
	};
	objectVersion = 50;
	objects = {

/* Begin PBXBuildFile section */
		259517B823F80204006E33AD /* AppDelegate.swift in Sources */ = {isa = PBXBuildFile; fileRef = 259517B723F80204006E33AD /* AppDelegate.swift */; };
		259517BA23F80204006E33AD /* SceneDelegate.swift in Sources */ = {isa = PBXBuildFile; fileRef = 259517B923F80204006E33AD /* SceneDelegate.swift */; };
		259517BD23F80204006E33AD /* becomeHabit.xcdatamodeld in Sources */ = {isa = PBXBuildFile; fileRef = 259517BB23F80204006E33AD /* becomeHabit.xcdatamodeld */; };
		259517BF23F80204006E33AD /* ContentView.swift in Sources */ = {isa = PBXBuildFile; fileRef = 259517BE23F80204006E33AD /* ContentView.swift */; };
		259517C123F80205006E33AD /* Assets.xcassets in Resources */ = {isa = PBXBuildFile; fileRef = 259517C023F80205006E33AD /* Assets.xcassets */; };
		259517C423F80205006E33AD /* Preview Assets.xcassets in Resources */ = {isa = PBXBuildFile; fileRef = 259517C323F80205006E33AD /* Preview Assets.xcassets */; };
		259517C723F80205006E33AD /* LaunchScreen.storyboard in Resources */ = {isa = PBXBuildFile; fileRef = 259517C523F80205006E33AD /* LaunchScreen.storyboard */; };
/* End PBXBuildFile section */

/* Begin PBXFileReference section */
		259517B423F80204006E33AD /* becomeHabit.app */ = {isa = PBXFileReference; explicitFileType = wrapper.application; includeInIndex = 0; path = becomeHabit.app; sourceTree = BUILT_PRODUCTS_DIR; };
		259517B723F80204006E33AD /* AppDelegate.swift */ = {isa = PBXFileReference; lastKnownFileType = sourcecode.swift; path = AppDelegate.swift; sourceTree = "<group>"; };
		259517B923F80204006E33AD /* SceneDelegate.swift */ = {isa = PBXFileReference; lastKnownFileType = sourcecode.swift; path = SceneDelegate.swift; sourceTree = "<group>"; };
		259517BC23F80204006E33AD /* becomeHabit.xcdatamodel */ = {isa = PBXFileReference; lastKnownFileType = wrapper.xcdatamodel; path = becomeHabit.xcdatamodel; sourceTree = "<group>"; };
		259517BE23F80204006E33AD /* ContentView.swift */ = {isa = PBXFileReference; lastKnownFileType = sourcecode.swift; path = ContentView.swift; sourceTree = "<group>"; };
		259517C023F80205006E33AD /* Assets.xcassets */ = {isa = PBXFileReference; lastKnownFileType = folder.assetcatalog; path = Assets.xcassets; sourceTree = "<group>"; };
		259517C323F80205006E33AD /* Preview Assets.xcassets */ = {isa = PBXFileReference; lastKnownFileType = folder.assetcatalog; path = "Preview Assets.xcassets"; sourceTree = "<group>"; };
		259517C623F80205006E33AD /* Base */ = {isa = PBXFileReference; lastKnownFileType = file.storyboard; name = Base; path = Base.lproj/LaunchScreen.storyboard; sourceTree = "<group>"; };
		259517C823F80205006E33AD /* Info.plist */ = {isa = PBXFileReference; lastKnownFileType = text.plist.xml; path = Info.plist; sourceTree = "<group>"; };
/* End PBXFileReference section */

/* Begin PBXFrameworksBuildPhase section */
		259517B123F80204006E33AD /* Frameworks */ = {
			isa = PBXFrameworksBuildPhase;
			buildActionMask = 2147483647;
			files = (
			);
			runOnlyForDeploymentPostprocessing = 0;
		};
/* End PBXFrameworksBuildPhase section */

/* Begin PBXGroup section */
		259517AB23F80204006E33AD = {
			isa = PBXGroup;
			children = (
				259517B623F80204006E33AD /* becomeHabit */,
				259517B523F80204006E33AD /* Products */,
			);
			sourceTree = "<group>";
		};
		259517B523F80204006E33AD /* Products */ = {
			isa = PBXGroup;
			children = (
				259517B423F80204006E33AD /* becomeHabit.app */,
			);
			name = Products;
			sourceTree = "<group>";
		};
		259517B623F80204006E33AD /* becomeHabit */ = {
			isa = PBXGroup;
			children = (
				259517B723F80204006E33AD /* AppDelegate.swift */,
				259517B923F80204006E33AD /* SceneDelegate.swift */,
				259517BE23F80204006E33AD /* ContentView.swift */,
				259517C023F80205006E33AD /* Assets.xcassets */,
				259517C523F80205006E33AD /* LaunchScreen.storyboard */,
				259517C823F80205006E33AD /* Info.plist */,
				259517BB23F80204006E33AD /* becomeHabit.xcdatamodeld */,
				259517C223F80205006E33AD /* Preview Content */,
			);
			path = becomeHabit;
			sourceTree = "<group>";
		};
		259517C223F80205006E33AD /* Preview Content */ = {
			isa = PBXGroup;
			children = (
				259517C323F80205006E33AD /* Preview Assets.xcassets */,
			);
			path = "Preview Content";
			sourceTree = "<group>";
		};
/* End PBXGroup section */

/* Begin PBXNativeTarget section */
		259517B323F80204006E33AD /* becomeHabit */ = {
			isa = PBXNativeTarget;
			buildConfigurationList = 259517CB23F80205006E33AD /* Build configuration list for PBXNativeTarget "becomeHabit" */;
			buildPhases = (
				259517B023F80204006E33AD /* Sources */,
				259517B123F80204006E33AD /* Frameworks */,
				259517B223F80204006E33AD /* Resources */,
			);
			buildRules = (
			);
			dependencies = (
			);
			name = becomeHabit;
			productName = becomeHabit;
			productReference = 259517B423F80204006E33AD /* becomeHabit.app */;
			productType = "com.apple.product-type.application";
		};
/* End PBXNativeTarget section */

/* Begin PBXProject section */
		259517AC23F80204006E33AD /* Project object */ = {
			isa = PBXProject;
			attributes = {
				LastSwiftUpdateCheck = 1130;
				LastUpgradeCheck = 1130;
				ORGANIZATIONNAME = "Kristijan Gašljević";
				TargetAttributes = {
					259517B323F80204006E33AD = {
						CreatedOnToolsVersion = 11.3.1;
					};
				};
			};
			buildConfigurationList = 259517AF23F80204006E33AD /* Build configuration list for PBXProject "becomeHabit" */;
			compatibilityVersion = "Xcode 9.3";
			developmentRegion = en;
			hasScannedForEncodings = 0;
			knownRegions = (
				en,
				Base,
			);
			mainGroup = 259517AB23F80204006E33AD;
			productRefGroup = 259517B523F80204006E33AD /* Products */;
			projectDirPath = "";
			projectRoot = "";
			targets = (
				259517B323F80204006E33AD /* becomeHabit */,
			);
		};
/* End PBXProject section */

/* Begin PBXResourcesBuildPhase section */
		259517B223F80204006E33AD /* Resources */ = {
			isa = PBXResourcesBuildPhase;
			buildActionMask = 2147483647;
			files = (
				259517C723F80205006E33AD /* LaunchScreen.storyboard in Resources */,
				259517C423F80205006E33AD /* Preview Assets.xcassets in Resources */,
				259517C123F80205006E33AD /* Assets.xcassets in Resources */,
			);
			runOnlyForDeploymentPostprocessing = 0;
		};
/* End PBXResourcesBuildPhase section */

/* Begin PBXSourcesBuildPhase section */
		259517B023F80204006E33AD /* Sources */ = {
			isa = PBXSourcesBuildPhase;
			buildActionMask = 2147483647;
			files = (
				259517B823F80204006E33AD /* AppDelegate.swift in Sources */,
				259517BD23F80204006E33AD /* becomeHabit.xcdatamodeld in Sources */,
				259517BF23F80204006E33AD /* ContentView.swift in Sources */,
				259517BA23F80204006E33AD /* SceneDelegate.swift in Sources */,
			);
			runOnlyForDeploymentPostprocessing = 0;
		};
/* End PBXSourcesBuildPhase section */

/* Begin PBXVariantGroup section */
		259517C523F80205006E33AD /* LaunchScreen.storyboard */ = {
			isa = PBXVariantGroup;
			children = (
				259517C623F80205006E33AD /* Base */,
			);
			name = LaunchScreen.storyboard;
			sourceTree = "<group>";
		};
/* End PBXVariantGroup section */

/* Begin XCBuildConfiguration section */
		259517C923F80205006E33AD /* Debug */ = {
			isa = XCBuildConfiguration;
			buildSettings = {
				ALWAYS_SEARCH_USER_PATHS = NO;
				CLANG_ANALYZER_NONNULL = YES;
				CLANG_ANALYZER_NUMBER_OBJECT_CONVERSION = YES_AGGRESSIVE;
				CLANG_CXX_LANGUAGE_STANDARD = "gnu++14";
				CLANG_CXX_LIBRARY = "libc++";
				CLANG_ENABLE_MODULES = YES;
				CLANG_ENABLE_OBJC_ARC = YES;
				CLANG_ENABLE_OBJC_WEAK = YES;
				CLANG_WARN_BLOCK_CAPTURE_AUTORELEASING = YES;
				CLANG_WARN_BOOL_CONVERSION = YES;
				CLANG_WARN_COMMA = YES;
				CLANG_WARN_CONSTANT_CONVERSION = YES;
				CLANG_WARN_DEPRECATED_OBJC_IMPLEMENTATIONS = YES;
				CLANG_WARN_DIRECT_OBJC_ISA_USAGE = YES_ERROR;
				CLANG_WARN_DOCUMENTATION_COMMENTS = YES;
				CLANG_WARN_EMPTY_BODY = YES;
				CLANG_WARN_ENUM_CONVERSION = YES;
				CLANG_WARN_INFINITE_RECURSION = YES;
				CLANG_WARN_INT_CONVERSION = YES;
				CLANG_WARN_NON_LITERAL_NULL_CONVERSION = YES;
				CLANG_WARN_OBJC_IMPLICIT_RETAIN_SELF = YES;
				CLANG_WARN_OBJC_LITERAL_CONVERSION = YES;
				CLANG_WARN_OBJC_ROOT_CLASS = YES_ERROR;
				CLANG_WARN_RANGE_LOOP_ANALYSIS = YES;
				CLANG_WARN_STRICT_PROTOTYPES = YES;
				CLANG_WARN_SUSPICIOUS_MOVE = YES;
				CLANG_WARN_UNGUARDED_AVAILABILITY = YES_AGGRESSIVE;
				CLANG_WARN_UNREACHABLE_CODE = YES;
				CLANG_WARN__DUPLICATE_METHOD_MATCH = YES;
				COPY_PHASE_STRIP = NO;
				DEBUG_INFORMATION_FORMAT = dwarf;
				ENABLE_STRICT_OBJC_MSGSEND = YES;
				ENABLE_TESTABILITY = YES;
				GCC_C_LANGUAGE_STANDARD = gnu11;
				GCC_DYNAMIC_NO_PIC = NO;
				GCC_NO_COMMON_BLOCKS = YES;
				GCC_OPTIMIZATION_LEVEL = 0;
				GCC_PREPROCESSOR_DEFINITIONS = (
					"DEBUG=1",
					"$(inherited)",
				);
				GCC_WARN_64_TO_32_BIT_CONVERSION = YES;
				GCC_WARN_ABOUT_RETURN_TYPE = YES_ERROR;
				GCC_WARN_UNDECLARED_SELECTOR = YES;
				GCC_WARN_UNINITIALIZED_AUTOS = YES_AGGRESSIVE;
				GCC_WARN_UNUSED_FUNCTION = YES;
				GCC_WARN_UNUSED_VARIABLE = YES;
				IPHONEOS_DEPLOYMENT_TARGET = 13.2;
				MTL_ENABLE_DEBUG_INFO = INCLUDE_SOURCE;
				MTL_FAST_MATH = YES;
				ONLY_ACTIVE_ARCH = YES;
				SDKROOT = iphoneos;
				SWIFT_ACTIVE_COMPILATION_CONDITIONS = DEBUG;
				SWIFT_OPTIMIZATION_LEVEL = "-Onone";
			};
			name = Debug;
		};
		259517CA23F80205006E33AD /* Release */ = {
			isa = XCBuildConfiguration;
			buildSettings = {
				ALWAYS_SEARCH_USER_PATHS = NO;
				CLANG_ANALYZER_NONNULL = YES;
				CLANG_ANALYZER_NUMBER_OBJECT_CONVERSION = YES_AGGRESSIVE;
				CLANG_CXX_LANGUAGE_STANDARD = "gnu++14";
				CLANG_CXX_LIBRARY = "libc++";
				CLANG_ENABLE_MODULES = YES;
				CLANG_ENABLE_OBJC_ARC = YES;
				CLANG_ENABLE_OBJC_WEAK = YES;
				CLANG_WARN_BLOCK_CAPTURE_AUTORELEASING = YES;
				CLANG_WARN_BOOL_CONVERSION = YES;
				CLANG_WARN_COMMA = YES;
				CLANG_WARN_CONSTANT_CONVERSION = YES;
				CLANG_WARN_DEPRECATED_OBJC_IMPLEMENTATIONS = YES;
				CLANG_WARN_DIRECT_OBJC_ISA_USAGE = YES_ERROR;
				CLANG_WARN_DOCUMENTATION_COMMENTS = YES;
				CLANG_WARN_EMPTY_BODY = YES;
				CLANG_WARN_ENUM_CONVERSION = YES;
				CLANG_WARN_INFINITE_RECURSION = YES;
				CLANG_WARN_INT_CONVERSION = YES;
				CLANG_WARN_NON_LITERAL_NULL_CONVERSION = YES;
				CLANG_WARN_OBJC_IMPLICIT_RETAIN_SELF = YES;
				CLANG_WARN_OBJC_LITERAL_CONVERSION = YES;
				CLANG_WARN_OBJC_ROOT_CLASS = YES_ERROR;
				CLANG_WARN_RANGE_LOOP_ANALYSIS = YES;
				CLANG_WARN_STRICT_PROTOTYPES = YES;
				CLANG_WARN_SUSPICIOUS_MOVE = YES;
				CLANG_WARN_UNGUARDED_AVAILABILITY = YES_AGGRESSIVE;
				CLANG_WARN_UNREACHABLE_CODE = YES;
				CLANG_WARN__DUPLICATE_METHOD_MATCH = YES;
				COPY_PHASE_STRIP = NO;
				DEBUG_INFORMATION_FORMAT = "dwarf-with-dsym";
				ENABLE_NS_ASSERTIONS = NO;
				ENABLE_STRICT_OBJC_MSGSEND = YES;
				GCC_C_LANGUAGE_STANDARD = gnu11;
				GCC_NO_COMMON_BLOCKS = YES;
				GCC_WARN_64_TO_32_BIT_CONVERSION = YES;
				GCC_WARN_ABOUT_RETURN_TYPE = YES_ERROR;
				GCC_WARN_UNDECLARED_SELECTOR = YES;
				GCC_WARN_UNINITIALIZED_AUTOS = YES_AGGRESSIVE;
				GCC_WARN_UNUSED_FUNCTION = YES;
				GCC_WARN_UNUSED_VARIABLE = YES;
				IPHONEOS_DEPLOYMENT_TARGET = 13.2;
				MTL_ENABLE_DEBUG_INFO = NO;
				MTL_FAST_MATH = YES;
				SDKROOT = iphoneos;
				SWIFT_COMPILATION_MODE = wholemodule;
				SWIFT_OPTIMIZATION_LEVEL = "-O";
				VALIDATE_PRODUCT = YES;
			};
			name = Release;
		};
		259517CC23F80205006E33AD /* Debug */ = {
			isa = XCBuildConfiguration;
			buildSettings = {
				ASSETCATALOG_COMPILER_APPICON_NAME = AppIcon;
				CODE_SIGN_STYLE = Automatic;
				DEVELOPMENT_ASSET_PATHS = "\"becomeHabit/Preview Content\"";
				ENABLE_PREVIEWS = YES;
				INFOPLIST_FILE = becomeHabit/Info.plist;
				LD_RUNPATH_SEARCH_PATHS = (
					"$(inherited)",
					"@executable_path/Frameworks",
				);
				PRODUCT_BUNDLE_IDENTIFIER = Kile.becomeHabit;
				PRODUCT_NAME = "$(TARGET_NAME)";
				SWIFT_VERSION = 5.0;
				TARGETED_DEVICE_FAMILY = "1,2";
			};
			name = Debug;
		};
		259517CD23F80205006E33AD /* Release */ = {
			isa = XCBuildConfiguration;
			buildSettings = {
				ASSETCATALOG_COMPILER_APPICON_NAME = AppIcon;
				CODE_SIGN_STYLE = Automatic;
				DEVELOPMENT_ASSET_PATHS = "\"becomeHabit/Preview Content\"";
				ENABLE_PREVIEWS = YES;
				INFOPLIST_FILE = becomeHabit/Info.plist;
				LD_RUNPATH_SEARCH_PATHS = (
					"$(inherited)",
					"@executable_path/Frameworks",
				);
				PRODUCT_BUNDLE_IDENTIFIER = Kile.becomeHabit;
				PRODUCT_NAME = "$(TARGET_NAME)";
				SWIFT_VERSION = 5.0;
				TARGETED_DEVICE_FAMILY = "1,2";
			};
			name = Release;
		};
/* End XCBuildConfiguration section */

/* Begin XCConfigurationList section */
		259517AF23F80204006E33AD /* Build configuration list for PBXProject "becomeHabit" */ = {
			isa = XCConfigurationList;
			buildConfigurations = (
				259517C923F80205006E33AD /* Debug */,
				259517CA23F80205006E33AD /* Release */,
			);
			defaultConfigurationIsVisible = 0;
			defaultConfigurationName = Release;
		};
		259517CB23F80205006E33AD /* Build configuration list for PBXNativeTarget "becomeHabit" */ = {
			isa = XCConfigurationList;
			buildConfigurations = (
				259517CC23F80205006E33AD /* Debug */,
				259517CD23F80205006E33AD /* Release */,
			);
			defaultConfigurationIsVisible = 0;
			defaultConfigurationName = Release;
		};
/* End XCConfigurationList section */

/* Begin XCVersionGroup section */
		259517BB23F80204006E33AD /* becomeHabit.xcdatamodeld */ = {
			isa = XCVersionGroup;
			children = (
				259517BC23F80204006E33AD /* becomeHabit.xcdatamodel */,
			);
			currentVersion = 259517BC23F80204006E33AD /* becomeHabit.xcdatamodel */;
			path = becomeHabit.xcdatamodeld;
			sourceTree = "<group>";
			versionGroupType = wrapper.xcdatamodel;
		};
/* End XCVersionGroup section */
	};
	rootObject = 259517AC23F80204006E33AD /* Project object */;
}
